
Microsoft Visual Studio Solution File, Format Version 12.00
# Visual Studio Version 17
VisualStudioVersion = 17.5.002.0
MinimumVisualStudioVersion = 10.0.40219.1
Project("{9A19103F-16F7-4668-BE54-9A1E7A4F7556}") = "Eon", "Eon.csproj", "{76B2A88A-0137-4291-B4F9-145781EA62F9}"
EndProject
Global
	GlobalSection(SolutionConfigurationPlatforms) = preSolution
		Debug|Any CPU = Debug|Any CPU
		Release|Any CPU = Release|Any CPU
	EndGlobalSection
	GlobalSection(ProjectConfigurationPlatforms) = postSolution
		{76B2A88A-0137-4291-B4F9-145781EA62F9}.Debug|Any CPU.ActiveCfg = Debug|Any CPU
		{76B2A88A-0137-4291-B4F9-145781EA62F9}.Debug|Any CPU.Build.0 = Debug|Any CPU
		{76B2A88A-0137-4291-B4F9-145781EA62F9}.Release|Any CPU.ActiveCfg = Release|Any CPU
		{76B2A88A-0137-4291-B4F9-145781EA62F9}.Release|Any CPU.Build.0 = Release|Any CPU
	EndGlobalSection
	GlobalSection(SolutionProperties) = preSolution
		HideSolutionNode = FALSE
	EndGlobalSection
	GlobalSection(ExtensibilityGlobals) = postSolution
		SolutionGuid = {256D566E-C8D7-4C98-B825-57C26E742D17}
	EndGlobalSection
EndGlobal
